
Microsoft Visual Studio Solution File, Format Version 12.00
# Visual Studio 14
VisualStudioVersion = 14.0.25420.1
MinimumVisualStudioVersion = 10.0.40219.1
Project("{FAE04EC0-301F-11D3-BF4B-00C04F79EFBC}") = "MPI", "MPI\MPI.csproj", "{3CB12C2E-85FE-44B6-8183-5790AF3A3515}"
EndProject
Project("{FAE04EC0-301F-11D3-BF4B-00C04F79EFBC}") = "Hello", "Examples\Hello\Hello.csproj", "{A84F17B0-50B7-45DE-9C8A-8A9D4644AAD0}"
EndProject
Project("{FAE04EC0-301F-11D3-BF4B-00C04F79EFBC}") = "Ring", "Examples\Ring\Ring.csproj", "{D1C3EA80-2342-4240-A662-F4B4FD5C4B9F}"
EndProject
Project("{FAE04EC0-301F-11D3-BF4B-00C04F79EFBC}") = "DatatypesTest", "Tests\DatatypesTest\DatatypesTest.csproj", "{33955A2D-0640-4989-B626-4636765C8D45}"
EndProject
Project("{FAE04EC0-301F-11D3-BF4B-00C04F79EFBC}") = "AllreduceTest", "Tests\AllreduceTest\AllreduceTest.csproj", "{2FC9A0DE-2E6B-4B3F-8F3F-CB07F22D1E59}"
EndProject
Project("{FAE04EC0-301F-11D3-BF4B-00C04F79EFBC}") = "ReduceTest", "Tests\ReduceTest\ReduceTest.csproj", "{17A2F6D4-C77F-44F7-A3A0-DBF724FC517A}"
EndProject
Project("{FAE04EC0-301F-11D3-BF4B-00C04F79EFBC}") = "BroadcastTest", "Tests\BroadcastTest\BroadcastTest.csproj", "{49DA62D9-1E7E-4EB1-BD40-F22DC94024F0}"
EndProject
Project("{FAE04EC0-301F-11D3-BF4B-00C04F79EFBC}") = "Netpipe_cs", "Benchmarks\Netpipe_cs\Netpipe_cs.csproj", "{CADC8346-88F4-4965-A3AE-F8B5AC69483C}"
	ProjectSection(ProjectDependencies) = postProject
		{3CB12C2E-85FE-44B6-8183-5790AF3A3515} = {3CB12C2E-85FE-44B6-8183-5790AF3A3515}
	EndProjectSection
EndProject
Project("{FAE04EC0-301F-11D3-BF4B-00C04F79EFBC}") = "Netcoll_cs", "Benchmarks\Netcoll_cs\Netcoll_cs.csproj", "{00424FB1-FA0B-4A6C-8862-E2E492FDC93F}"
EndProject
Project("{FAE04EC0-301F-11D3-BF4B-00C04F79EFBC}") = "Pi", "Examples\Pi\Pi.csproj", "{164F6E5D-AD8F-4A0F-8FDE-5638459151B6}"
EndProject
Project("{FAE04EC0-301F-11D3-BF4B-00C04F79EFBC}") = "Hostnames", "Examples\Hostnames\Hostnames.csproj", "{08F71F24-8219-4700-8326-70A2262D8E97}"
EndProject
Project("{FAE04EC0-301F-11D3-BF4B-00C04F79EFBC}") = "ScatterTest", "Tests\ScatterTest\ScatterTest.csproj", "{D87D7FAD-1308-41EC-A7F6-6978FC71BD31}"
EndProject
Project("{FAE04EC0-301F-11D3-BF4B-00C04F79EFBC}") = "AllgatherTest", "Tests\AllgatherTest\AllgatherTest.csproj", "{315E3139-BA88-4B21-B950-4F99EF8B1957}"
EndProject
Project("{FAE04EC0-301F-11D3-BF4B-00C04F79EFBC}") = "GatherTest", "Tests\GatherTest\GatherTest.csproj", "{F07F25FE-0AC9-4401-A12F-D4C631683F19}"
EndProject
Project("{FAE04EC0-301F-11D3-BF4B-00C04F79EFBC}") = "ScanTest", "Tests\ScanTest\ScanTest.csproj", "{36490C37-574F-4826-B579-83C4D70491F2}"
EndProject
Project("{FAE04EC0-301F-11D3-BF4B-00C04F79EFBC}") = "ExclusiveScanTest", "Tests\ExclusiveScanTest\ExclusiveScanTest.csproj", "{0F3EF2A9-470E-4A3F-8DD6-12709EF32E06}"
EndProject
Project("{FAE04EC0-301F-11D3-BF4B-00C04F79EFBC}") = "AlltoallTest", "Tests\AlltoallTest\AlltoallTest.csproj", "{3458E564-4D0F-4D33-89EC-47A6BF075C3D}"
EndProject
Project("{FAE04EC0-301F-11D3-BF4B-00C04F79EFBC}") = "ReduceScatterTest", "Tests\ReduceScatterTest\ReduceScatterTest.csproj", "{90255272-BEA8-4B12-B551-DDA7CF92C4EC}"
EndProject
Project("{FAE04EC0-301F-11D3-BF4B-00C04F79EFBC}") = "NonblockingTest", "Tests\NonblockingTest\NonblockingTest.csproj", "{579171DB-9E8C-4516-B5E1-4337BDDFC676}"
EndProject
Project("{FAE04EC0-301F-11D3-BF4B-00C04F79EFBC}") = "PingPong", "Examples\PingPong\PingPong.csproj", "{607B9C9E-E635-4856-B86C-3BC3DC5F4627}"
EndProject
Project("{FAE04EC0-301F-11D3-BF4B-00C04F79EFBC}") = "MPIUtils", "MPIUtils\MPIUtils.csproj", "{211C1EEE-143F-4F93-BB41-715499433447}"
EndProject
Project("{FAE04EC0-301F-11D3-BF4B-00C04F79EFBC}") = "CartTest", "Tests\CartTest\CartTest.csproj", "{0EE3B51F-1A08-4CAF-9CBF-F67D0D96E1E3}"
EndProject
Project("{FAE04EC0-301F-11D3-BF4B-00C04F79EFBC}") = "ExceptionTest", "Tests\ExceptionTest\ExceptionTest.csproj", "{9A13BBA3-4F77-4A98-B253-F06AD133C45D}"
EndProject
Project("{FAE04EC0-301F-11D3-BF4B-00C04F79EFBC}") = "GraphTest", "Tests\GraphTest\GraphTest.csproj", "{9C0AE438-3587-4B28-A3E9-B913865F2321}"
EndProject
Project("{FAE04EC0-301F-11D3-BF4B-00C04F79EFBC}") = "AttributesTest", "Tests\AttributesTest\AttributesTest.csproj", "{8C283D30-B965-4C91-A134-C21752BA9630}"
EndProject
Project("{FAE04EC0-301F-11D3-BF4B-00C04F79EFBC}") = "IntercommunicatorTest", "Tests\IntercommunicatorTest\IntercommunicatorTest.csproj", "{AC47CE18-6BCF-4BCC-81D7-5402663F4D0B}"
EndProject
Project("{FAE04EC0-301F-11D3-BF4B-00C04F79EFBC}") = "SendReceiveTest", "Tests\SendReceiveTest\SendReceiveTest.csproj", "{B05DDDB2-F328-433F-8C47-C65C1526F806}"
EndProject
Global
	GlobalSection(SolutionConfigurationPlatforms) = preSolution
		Debug|Any CPU = Debug|Any CPU
		Debug|Win32 = Debug|Win32
		Release|Any CPU = Release|Any CPU
		Release|Win32 = Release|Win32
	EndGlobalSection
	GlobalSection(ProjectConfigurationPlatforms) = postSolution
		{3CB12C2E-85FE-44B6-8183-5790AF3A3515}.Debug|Any CPU.ActiveCfg = Debug|Any CPU
		{3CB12C2E-85FE-44B6-8183-5790AF3A3515}.Debug|Any CPU.Build.0 = Debug|Any CPU
		{3CB12C2E-85FE-44B6-8183-5790AF3A3515}.Debug|Win32.ActiveCfg = Debug|Any CPU
		{3CB12C2E-85FE-44B6-8183-5790AF3A3515}.Release|Any CPU.ActiveCfg = Release|Any CPU
		{3CB12C2E-85FE-44B6-8183-5790AF3A3515}.Release|Any CPU.Build.0 = Release|Any CPU
		{3CB12C2E-85FE-44B6-8183-5790AF3A3515}.Release|Win32.ActiveCfg = Release|Any CPU
		{A84F17B0-50B7-45DE-9C8A-8A9D4644AAD0}.Debug|Any CPU.ActiveCfg = Debug|Any CPU
		{A84F17B0-50B7-45DE-9C8A-8A9D4644AAD0}.Debug|Any CPU.Build.0 = Debug|Any CPU
		{A84F17B0-50B7-45DE-9C8A-8A9D4644AAD0}.Debug|Win32.ActiveCfg = Debug|Any CPU
		{A84F17B0-50B7-45DE-9C8A-8A9D4644AAD0}.Release|Any CPU.ActiveCfg = Release|Any CPU
		{A84F17B0-50B7-45DE-9C8A-8A9D4644AAD0}.Release|Any CPU.Build.0 = Release|Any CPU
		{A84F17B0-50B7-45DE-9C8A-8A9D4644AAD0}.Release|Win32.ActiveCfg = Release|Any CPU
		{D1C3EA80-2342-4240-A662-F4B4FD5C4B9F}.Debug|Any CPU.ActiveCfg = Debug|Any CPU
		{D1C3EA80-2342-4240-A662-F4B4FD5C4B9F}.Debug|Any CPU.Build.0 = Debug|Any CPU
		{D1C3EA80-2342-4240-A662-F4B4FD5C4B9F}.Debug|Win32.ActiveCfg = Debug|Any CPU
		{D1C3EA80-2342-4240-A662-F4B4FD5C4B9F}.Release|Any CPU.ActiveCfg = Release|Any CPU
		{D1C3EA80-2342-4240-A662-F4B4FD5C4B9F}.Release|Any CPU.Build.0 = Release|Any CPU
		{D1C3EA80-2342-4240-A662-F4B4FD5C4B9F}.Release|Win32.ActiveCfg = Release|Any CPU
		{33955A2D-0640-4989-B626-4636765C8D45}.Debug|Any CPU.ActiveCfg = Debug|Any CPU
		{33955A2D-0640-4989-B626-4636765C8D45}.Debug|Any CPU.Build.0 = Debug|Any CPU
		{33955A2D-0640-4989-B626-4636765C8D45}.Debug|Win32.ActiveCfg = Debug|Any CPU
		{33955A2D-0640-4989-B626-4636765C8D45}.Release|Any CPU.ActiveCfg = Release|Any CPU
		{33955A2D-0640-4989-B626-4636765C8D45}.Release|Any CPU.Build.0 = Release|Any CPU
		{33955A2D-0640-4989-B626-4636765C8D45}.Release|Win32.ActiveCfg = Release|Any CPU
		{2FC9A0DE-2E6B-4B3F-8F3F-CB07F22D1E59}.Debug|Any CPU.ActiveCfg = Debug|Any CPU
		{2FC9A0DE-2E6B-4B3F-8F3F-CB07F22D1E59}.Debug|Any CPU.Build.0 = Debug|Any CPU
		{2FC9A0DE-2E6B-4B3F-8F3F-CB07F22D1E59}.Debug|Win32.ActiveCfg = Debug|Any CPU
		{2FC9A0DE-2E6B-4B3F-8F3F-CB07F22D1E59}.Release|Any CPU.ActiveCfg = Release|Any CPU
		{2FC9A0DE-2E6B-4B3F-8F3F-CB07F22D1E59}.Release|Any CPU.Build.0 = Release|Any CPU
		{2FC9A0DE-2E6B-4B3F-8F3F-CB07F22D1E59}.Release|Win32.ActiveCfg = Release|Any CPU
		{17A2F6D4-C77F-44F7-A3A0-DBF724FC517A}.Debug|Any CPU.ActiveCfg = Debug|Any CPU
		{17A2F6D4-C77F-44F7-A3A0-DBF724FC517A}.Debug|Any CPU.Build.0 = Debug|Any CPU
		{17A2F6D4-C77F-44F7-A3A0-DBF724FC517A}.Debug|Win32.ActiveCfg = Debug|Any CPU
		{17A2F6D4-C77F-44F7-A3A0-DBF724FC517A}.Release|Any CPU.ActiveCfg = Release|Any CPU
		{17A2F6D4-C77F-44F7-A3A0-DBF724FC517A}.Release|Any CPU.Build.0 = Release|Any CPU
		{17A2F6D4-C77F-44F7-A3A0-DBF724FC517A}.Release|Win32.ActiveCfg = Release|Any CPU
		{49DA62D9-1E7E-4EB1-BD40-F22DC94024F0}.Debug|Any CPU.ActiveCfg = Debug|Any CPU
		{49DA62D9-1E7E-4EB1-BD40-F22DC94024F0}.Debug|Any CPU.Build.0 = Debug|Any CPU
		{49DA62D9-1E7E-4EB1-BD40-F22DC94024F0}.Debug|Win32.ActiveCfg = Debug|Any CPU
		{49DA62D9-1E7E-4EB1-BD40-F22DC94024F0}.Release|Any CPU.ActiveCfg = Release|Any CPU
		{49DA62D9-1E7E-4EB1-BD40-F22DC94024F0}.Release|Any CPU.Build.0 = Release|Any CPU
		{49DA62D9-1E7E-4EB1-BD40-F22DC94024F0}.Release|Win32.ActiveCfg = Release|Any CPU
		{CADC8346-88F4-4965-A3AE-F8B5AC69483C}.Debug|Any CPU.ActiveCfg = Debug|Any CPU
		{CADC8346-88F4-4965-A3AE-F8B5AC69483C}.Debug|Any CPU.Build.0 = Debug|Any CPU
		{CADC8346-88F4-4965-A3AE-F8B5AC69483C}.Debug|Win32.ActiveCfg = Debug|Any CPU
		{CADC8346-88F4-4965-A3AE-F8B5AC69483C}.Release|Any CPU.ActiveCfg = Release|Any CPU
		{CADC8346-88F4-4965-A3AE-F8B5AC69483C}.Release|Any CPU.Build.0 = Release|Any CPU
		{CADC8346-88F4-4965-A3AE-F8B5AC69483C}.Release|Win32.ActiveCfg = Release|Any CPU
		{00424FB1-FA0B-4A6C-8862-E2E492FDC93F}.Debug|Any CPU.ActiveCfg = Debug|Any CPU
		{00424FB1-FA0B-4A6C-8862-E2E492FDC93F}.Debug|Any CPU.Build.0 = Debug|Any CPU
		{00424FB1-FA0B-4A6C-8862-E2E492FDC93F}.Debug|Win32.ActiveCfg = Debug|Any CPU
		{00424FB1-FA0B-4A6C-8862-E2E492FDC93F}.Release|Any CPU.ActiveCfg = Release|Any CPU
		{00424FB1-FA0B-4A6C-8862-E2E492FDC93F}.Release|Any CPU.Build.0 = Release|Any CPU
		{00424FB1-FA0B-4A6C-8862-E2E492FDC93F}.Release|Win32.ActiveCfg = Release|Any CPU
		{164F6E5D-AD8F-4A0F-8FDE-5638459151B6}.Debug|Any CPU.ActiveCfg = Debug|Any CPU
		{164F6E5D-AD8F-4A0F-8FDE-5638459151B6}.Debug|Any CPU.Build.0 = Debug|Any CPU
		{164F6E5D-AD8F-4A0F-8FDE-5638459151B6}.Debug|Win32.ActiveCfg = Debug|Any CPU
		{164F6E5D-AD8F-4A0F-8FDE-5638459151B6}.Release|Any CPU.ActiveCfg = Release|Any CPU
		{164F6E5D-AD8F-4A0F-8FDE-5638459151B6}.Release|Any CPU.Build.0 = Release|Any CPU
		{164F6E5D-AD8F-4A0F-8FDE-5638459151B6}.Release|Win32.ActiveCfg = Release|Any CPU
		{08F71F24-8219-4700-8326-70A2262D8E97}.Debug|Any CPU.ActiveCfg = Debug|Any CPU
		{08F71F24-8219-4700-8326-70A2262D8E97}.Debug|Any CPU.Build.0 = Debug|Any CPU
		{08F71F24-8219-4700-8326-70A2262D8E97}.Debug|Win32.ActiveCfg = Debug|Any CPU
		{08F71F24-8219-4700-8326-70A2262D8E97}.Release|Any CPU.ActiveCfg = Release|Any CPU
		{08F71F24-8219-4700-8326-70A2262D8E97}.Release|Any CPU.Build.0 = Release|Any CPU
		{08F71F24-8219-4700-8326-70A2262D8E97}.Release|Win32.ActiveCfg = Release|Any CPU
		{D87D7FAD-1308-41EC-A7F6-6978FC71BD31}.Debug|Any CPU.ActiveCfg = Debug|Any CPU
		{D87D7FAD-1308-41EC-A7F6-6978FC71BD31}.Debug|Any CPU.Build.0 = Debug|Any CPU
		{D87D7FAD-1308-41EC-A7F6-6978FC71BD31}.Debug|Win32.ActiveCfg = Debug|Any CPU
		{D87D7FAD-1308-41EC-A7F6-6978FC71BD31}.Release|Any CPU.ActiveCfg = Release|Any CPU
		{D87D7FAD-1308-41EC-A7F6-6978FC71BD31}.Release|Any CPU.Build.0 = Release|Any CPU
		{D87D7FAD-1308-41EC-A7F6-6978FC71BD31}.Release|Win32.ActiveCfg = Release|Any CPU
		{315E3139-BA88-4B21-B950-4F99EF8B1957}.Debug|Any CPU.ActiveCfg = Debug|Any CPU
		{315E3139-BA88-4B21-B950-4F99EF8B1957}.Debug|Any CPU.Build.0 = Debug|Any CPU
		{315E3139-BA88-4B21-B950-4F99EF8B1957}.Debug|Win32.ActiveCfg = Debug|Any CPU
		{315E3139-BA88-4B21-B950-4F99EF8B1957}.Release|Any CPU.ActiveCfg = Release|Any CPU
		{315E3139-BA88-4B21-B950-4F99EF8B1957}.Release|Any CPU.Build.0 = Release|Any CPU
		{315E3139-BA88-4B21-B950-4F99EF8B1957}.Release|Win32.ActiveCfg = Release|Any CPU
		{F07F25FE-0AC9-4401-A12F-D4C631683F19}.Debug|Any CPU.ActiveCfg = Debug|Any CPU
		{F07F25FE-0AC9-4401-A12F-D4C631683F19}.Debug|Any CPU.Build.0 = Debug|Any CPU
		{F07F25FE-0AC9-4401-A12F-D4C631683F19}.Debug|Win32.ActiveCfg = Debug|Any CPU
		{F07F25FE-0AC9-4401-A12F-D4C631683F19}.Release|Any CPU.ActiveCfg = Release|Any CPU
		{F07F25FE-0AC9-4401-A12F-D4C631683F19}.Release|Any CPU.Build.0 = Release|Any CPU
		{F07F25FE-0AC9-4401-A12F-D4C631683F19}.Release|Win32.ActiveCfg = Release|Any CPU
		{36490C37-574F-4826-B579-83C4D70491F2}.Debug|Any CPU.ActiveCfg = Debug|Any CPU
		{36490C37-574F-4826-B579-83C4D70491F2}.Debug|Any CPU.Build.0 = Debug|Any CPU
		{36490C37-574F-4826-B579-83C4D70491F2}.Debug|Win32.ActiveCfg = Debug|Any CPU
		{36490C37-574F-4826-B579-83C4D70491F2}.Release|Any CPU.ActiveCfg = Release|Any CPU
		{36490C37-574F-4826-B579-83C4D70491F2}.Release|Any CPU.Build.0 = Release|Any CPU
		{36490C37-574F-4826-B579-83C4D70491F2}.Release|Win32.ActiveCfg = Release|Any CPU
		{0F3EF2A9-470E-4A3F-8DD6-12709EF32E06}.Debug|Any CPU.ActiveCfg = Debug|Any CPU
		{0F3EF2A9-470E-4A3F-8DD6-12709EF32E06}.Debug|Any CPU.Build.0 = Debug|Any CPU
		{0F3EF2A9-470E-4A3F-8DD6-12709EF32E06}.Debug|Win32.ActiveCfg = Debug|Any CPU
		{0F3EF2A9-470E-4A3F-8DD6-12709EF32E06}.Release|Any CPU.ActiveCfg = Release|Any CPU
		{0F3EF2A9-470E-4A3F-8DD6-12709EF32E06}.Release|Any CPU.Build.0 = Release|Any CPU
		{0F3EF2A9-470E-4A3F-8DD6-12709EF32E06}.Release|Win32.ActiveCfg = Release|Any CPU
		{3458E564-4D0F-4D33-89EC-47A6BF075C3D}.Debug|Any CPU.ActiveCfg = Debug|Any CPU
		{3458E564-4D0F-4D33-89EC-47A6BF075C3D}.Debug|Any CPU.Build.0 = Debug|Any CPU
		{3458E564-4D0F-4D33-89EC-47A6BF075C3D}.Debug|Win32.ActiveCfg = Debug|Any CPU
		{3458E564-4D0F-4D33-89EC-47A6BF075C3D}.Release|Any CPU.ActiveCfg = Release|Any CPU
		{3458E564-4D0F-4D33-89EC-47A6BF075C3D}.Release|Any CPU.Build.0 = Release|Any CPU
		{3458E564-4D0F-4D33-89EC-47A6BF075C3D}.Release|Win32.ActiveCfg = Release|Any CPU
		{90255272-BEA8-4B12-B551-DDA7CF92C4EC}.Debug|Any CPU.ActiveCfg = Debug|Any CPU
		{90255272-BEA8-4B12-B551-DDA7CF92C4EC}.Debug|Any CPU.Build.0 = Debug|Any CPU
		{90255272-BEA8-4B12-B551-DDA7CF92C4EC}.Debug|Win32.ActiveCfg = Debug|Any CPU
		{90255272-BEA8-4B12-B551-DDA7CF92C4EC}.Release|Any CPU.ActiveCfg = Release|Any CPU
		{90255272-BEA8-4B12-B551-DDA7CF92C4EC}.Release|Any CPU.Build.0 = Release|Any CPU
		{90255272-BEA8-4B12-B551-DDA7CF92C4EC}.Release|Win32.ActiveCfg = Release|Any CPU
		{579171DB-9E8C-4516-B5E1-4337BDDFC676}.Debug|Any CPU.ActiveCfg = Debug|Any CPU
		{579171DB-9E8C-4516-B5E1-4337BDDFC676}.Debug|Any CPU.Build.0 = Debug|Any CPU
		{579171DB-9E8C-4516-B5E1-4337BDDFC676}.Debug|Win32.ActiveCfg = Debug|Any CPU
		{579171DB-9E8C-4516-B5E1-4337BDDFC676}.Release|Any CPU.ActiveCfg = Release|Any CPU
		{579171DB-9E8C-4516-B5E1-4337BDDFC676}.Release|Any CPU.Build.0 = Release|Any CPU
		{579171DB-9E8C-4516-B5E1-4337BDDFC676}.Release|Win32.ActiveCfg = Release|Any CPU
		{607B9C9E-E635-4856-B86C-3BC3DC5F4627}.Debug|Any CPU.ActiveCfg = Debug|Any CPU
		{607B9C9E-E635-4856-B86C-3BC3DC5F4627}.Debug|Any CPU.Build.0 = Debug|Any CPU
		{607B9C9E-E635-4856-B86C-3BC3DC5F4627}.Debug|Win32.ActiveCfg = Debug|Any CPU
		{607B9C9E-E635-4856-B86C-3BC3DC5F4627}.Release|Any CPU.ActiveCfg = Release|Any CPU
		{607B9C9E-E635-4856-B86C-3BC3DC5F4627}.Release|Any CPU.Build.0 = Release|Any CPU
		{607B9C9E-E635-4856-B86C-3BC3DC5F4627}.Release|Win32.ActiveCfg = Release|Any CPU
		{211C1EEE-143F-4F93-BB41-715499433447}.Debug|Any CPU.ActiveCfg = Debug|Any CPU
		{211C1EEE-143F-4F93-BB41-715499433447}.Debug|Any CPU.Build.0 = Debug|Any CPU
		{211C1EEE-143F-4F93-BB41-715499433447}.Debug|Win32.ActiveCfg = Debug|Any CPU
		{211C1EEE-143F-4F93-BB41-715499433447}.Release|Any CPU.ActiveCfg = Release|Any CPU
		{211C1EEE-143F-4F93-BB41-715499433447}.Release|Any CPU.Build.0 = Release|Any CPU
		{211C1EEE-143F-4F93-BB41-715499433447}.Release|Win32.ActiveCfg = Release|Any CPU
		{0EE3B51F-1A08-4CAF-9CBF-F67D0D96E1E3}.Debug|Any CPU.ActiveCfg = Debug|Any CPU
		{0EE3B51F-1A08-4CAF-9CBF-F67D0D96E1E3}.Debug|Any CPU.Build.0 = Debug|Any CPU
		{0EE3B51F-1A08-4CAF-9CBF-F67D0D96E1E3}.Debug|Win32.ActiveCfg = Debug|Any CPU
		{0EE3B51F-1A08-4CAF-9CBF-F67D0D96E1E3}.Release|Any CPU.ActiveCfg = Release|Any CPU
		{0EE3B51F-1A08-4CAF-9CBF-F67D0D96E1E3}.Release|Any CPU.Build.0 = Release|Any CPU
		{0EE3B51F-1A08-4CAF-9CBF-F67D0D96E1E3}.Release|Win32.ActiveCfg = Release|Any CPU
		{9A13BBA3-4F77-4A98-B253-F06AD133C45D}.Debug|Any CPU.ActiveCfg = Debug|Any CPU
		{9A13BBA3-4F77-4A98-B253-F06AD133C45D}.Debug|Any CPU.Build.0 = Debug|Any CPU
		{9A13BBA3-4F77-4A98-B253-F06AD133C45D}.Debug|Win32.ActiveCfg = Debug|Any CPU
		{9A13BBA3-4F77-4A98-B253-F06AD133C45D}.Release|Any CPU.ActiveCfg = Release|Any CPU
		{9A13BBA3-4F77-4A98-B253-F06AD133C45D}.Release|Any CPU.Build.0 = Release|Any CPU
		{9A13BBA3-4F77-4A98-B253-F06AD133C45D}.Release|Win32.ActiveCfg = Release|Any CPU
		{9C0AE438-3587-4B28-A3E9-B913865F2321}.Debug|Any CPU.ActiveCfg = Debug|Any CPU
		{9C0AE438-3587-4B28-A3E9-B913865F2321}.Debug|Any CPU.Build.0 = Debug|Any CPU
		{9C0AE438-3587-4B28-A3E9-B913865F2321}.Debug|Win32.ActiveCfg = Debug|Any CPU
		{9C0AE438-3587-4B28-A3E9-B913865F2321}.Release|Any CPU.ActiveCfg = Release|Any CPU
		{9C0AE438-3587-4B28-A3E9-B913865F2321}.Release|Any CPU.Build.0 = Release|Any CPU
		{9C0AE438-3587-4B28-A3E9-B913865F2321}.Release|Win32.ActiveCfg = Release|Any CPU
		{8C283D30-B965-4C91-A134-C21752BA9630}.Debug|Any CPU.ActiveCfg = Debug|Any CPU
		{8C283D30-B965-4C91-A134-C21752BA9630}.Debug|Any CPU.Build.0 = Debug|Any CPU
		{8C283D30-B965-4C91-A134-C21752BA9630}.Debug|Win32.ActiveCfg = Debug|Any CPU
		{8C283D30-B965-4C91-A134-C21752BA9630}.Release|Any CPU.ActiveCfg = Release|Any CPU
		{8C283D30-B965-4C91-A134-C21752BA9630}.Release|Any CPU.Build.0 = Release|Any CPU
		{8C283D30-B965-4C91-A134-C21752BA9630}.Release|Win32.ActiveCfg = Release|Any CPU
		{AC47CE18-6BCF-4BCC-81D7-5402663F4D0B}.Debug|Any CPU.ActiveCfg = Debug|Any CPU
		{AC47CE18-6BCF-4BCC-81D7-5402663F4D0B}.Debug|Any CPU.Build.0 = Debug|Any CPU
		{AC47CE18-6BCF-4BCC-81D7-5402663F4D0B}.Debug|Win32.ActiveCfg = Debug|Any CPU
		{AC47CE18-6BCF-4BCC-81D7-5402663F4D0B}.Release|Any CPU.ActiveCfg = Release|Any CPU
		{AC47CE18-6BCF-4BCC-81D7-5402663F4D0B}.Release|Any CPU.Build.0 = Release|Any CPU
		{AC47CE18-6BCF-4BCC-81D7-5402663F4D0B}.Release|Win32.ActiveCfg = Release|Any CPU
		{B05DDDB2-F328-433F-8C47-C65C1526F806}.Debug|Any CPU.ActiveCfg = Debug|Any CPU
		{B05DDDB2-F328-433F-8C47-C65C1526F806}.Debug|Any CPU.Build.0 = Debug|Any CPU
		{B05DDDB2-F328-433F-8C47-C65C1526F806}.Debug|Win32.ActiveCfg = Debug|Any CPU
		{B05DDDB2-F328-433F-8C47-C65C1526F806}.Release|Any CPU.ActiveCfg = Release|Any CPU
		{B05DDDB2-F328-433F-8C47-C65C1526F806}.Release|Any CPU.Build.0 = Release|Any CPU
		{B05DDDB2-F328-433F-8C47-C65C1526F806}.Release|Win32.ActiveCfg = Release|Any CPU
	EndGlobalSection
	GlobalSection(SolutionProperties) = preSolution
		HideSolutionNode = FALSE
	EndGlobalSection
EndGlobal
